
Microsoft Visual Studio Solution File, Format Version 12.00
# Visual Studio Version 16
VisualStudioVersion = 16.0.28803.156
MinimumVisualStudioVersion = 10.0.40219.1
Project("{6EC3EE1D-3C4E-46DD-8F32-0CC8E7565705}") = "StockChartBot", "StockChartBot\StockChartBot.fsproj", "{26AF8F9D-2730-4887-AF00-D41F63281178}"
EndProject
Project("{6EC3EE1D-3C4E-46DD-8F32-0CC8E7565705}") = "Parser", "Parser\Parser.fsproj", "{4739DBA0-B7B2-4841-9587-BBC453B38DC6}"
EndProject
Project("{6EC3EE1D-3C4E-46DD-8F32-0CC8E7565705}") = "Tests", "Tests\Tests.fsproj", "{EFE0B23D-C9D0-49FD-A876-AC7686599E7E}"
EndProject
Project("{F2A71F9B-5D33-465A-A702-920D77279786}") = "DataSource", "DataSource\DataSource.fsproj", "{08DF2810-6F91-4823-BDB8-25AB62AF29DD}"
EndProject
Global
	GlobalSection(SolutionConfigurationPlatforms) = preSolution
		Debug|Any CPU = Debug|Any CPU
		Release|Any CPU = Release|Any CPU
	EndGlobalSection
	GlobalSection(ProjectConfigurationPlatforms) = postSolution
		{26AF8F9D-2730-4887-AF00-D41F63281178}.Debug|Any CPU.ActiveCfg = Debug|Any CPU
		{26AF8F9D-2730-4887-AF00-D41F63281178}.Debug|Any CPU.Build.0 = Debug|Any CPU
		{26AF8F9D-2730-4887-AF00-D41F63281178}.Release|Any CPU.ActiveCfg = Release|Any CPU
		{26AF8F9D-2730-4887-AF00-D41F63281178}.Release|Any CPU.Build.0 = Release|Any CPU
		{4739DBA0-B7B2-4841-9587-BBC453B38DC6}.Debug|Any CPU.ActiveCfg = Debug|Any CPU
		{4739DBA0-B7B2-4841-9587-BBC453B38DC6}.Debug|Any CPU.Build.0 = Debug|Any CPU
		{4739DBA0-B7B2-4841-9587-BBC453B38DC6}.Release|Any CPU.ActiveCfg = Release|Any CPU
		{4739DBA0-B7B2-4841-9587-BBC453B38DC6}.Release|Any CPU.Build.0 = Release|Any CPU
		{EFE0B23D-C9D0-49FD-A876-AC7686599E7E}.Debug|Any CPU.ActiveCfg = Debug|Any CPU
		{EFE0B23D-C9D0-49FD-A876-AC7686599E7E}.Debug|Any CPU.Build.0 = Debug|Any CPU
		{EFE0B23D-C9D0-49FD-A876-AC7686599E7E}.Release|Any CPU.ActiveCfg = Release|Any CPU
		{EFE0B23D-C9D0-49FD-A876-AC7686599E7E}.Release|Any CPU.Build.0 = Release|Any CPU
		{08DF2810-6F91-4823-BDB8-25AB62AF29DD}.Debug|Any CPU.ActiveCfg = Debug|Any CPU
		{08DF2810-6F91-4823-BDB8-25AB62AF29DD}.Debug|Any CPU.Build.0 = Debug|Any CPU
		{08DF2810-6F91-4823-BDB8-25AB62AF29DD}.Release|Any CPU.ActiveCfg = Release|Any CPU
		{08DF2810-6F91-4823-BDB8-25AB62AF29DD}.Release|Any CPU.Build.0 = Release|Any CPU
	EndGlobalSection
	GlobalSection(SolutionProperties) = preSolution
		HideSolutionNode = FALSE
	EndGlobalSection
	GlobalSection(ExtensibilityGlobals) = postSolution
		SolutionGuid = {10484E74-B577-4644-AC75-1D9D1F3B83A9}
	EndGlobalSection
EndGlobal
